
Microsoft Visual Studio Solution File, Format Version 12.00
# Visual Studio 15
VisualStudioVersion = 15.0.28307.1259
MinimumVisualStudioVersion = 10.0.40219.1
Project("{FAE04EC0-301F-11D3-BF4B-00C04F79EFBC}") = "Setul 1", "Setul 1\Setul 1.csproj", "{557B3141-0EBF-481C-AF00-54ACD9F9C3FE}"
EndProject
Global
	GlobalSection(SolutionConfigurationPlatforms) = preSolution
		Debug|Any CPU = Debug|Any CPU
		Release|Any CPU = Release|Any CPU
	EndGlobalSection
	GlobalSection(ProjectConfigurationPlatforms) = postSolution
		{557B3141-0EBF-481C-AF00-54ACD9F9C3FE}.Debug|Any CPU.ActiveCfg = Debug|Any CPU
		{557B3141-0EBF-481C-AF00-54ACD9F9C3FE}.Debug|Any CPU.Build.0 = Debug|Any CPU
		{557B3141-0EBF-481C-AF00-54ACD9F9C3FE}.Release|Any CPU.ActiveCfg = Release|Any CPU
		{557B3141-0EBF-481C-AF00-54ACD9F9C3FE}.Release|Any CPU.Build.0 = Release|Any CPU
	EndGlobalSection
	GlobalSection(SolutionProperties) = preSolution
		HideSolutionNode = FALSE
	EndGlobalSection
	GlobalSection(ExtensibilityGlobals) = postSolution
		SolutionGuid = {651DAE11-D6D0-46DA-9D44-1A57AF173E0A}
	EndGlobalSection
EndGlobal
